
Microsoft Visual Studio Solution File, Format Version 12.00
Project("{FAE04EC0-301F-11D3-BF4B-00C04F79EFBC}") = "BookManagerApp", "BookManagerApp.csproj", "{BD17E06F-AA18-4B40-BDE6-7DBBD79F5A98}"
EndProject
Global
	GlobalSection(SolutionConfigurationPlatforms) = preSolution
		Debug|Any CPU = Debug|Any CPU
		Release|Any CPU = Release|Any CPU
	EndGlobalSection
	GlobalSection(ProjectConfigurationPlatforms) = postSolution
		{BD17E06F-AA18-4B40-BDE6-7DBBD79F5A98}.Debug|Any CPU.ActiveCfg = Debug|Any CPU
		{BD17E06F-AA18-4B40-BDE6-7DBBD79F5A98}.Debug|Any CPU.Build.0 = Debug|Any CPU
		{BD17E06F-AA18-4B40-BDE6-7DBBD79F5A98}.Release|Any CPU.ActiveCfg = Release|Any CPU
		{BD17E06F-AA18-4B40-BDE6-7DBBD79F5A98}.Release|Any CPU.Build.0 = Release|Any CPU
	EndGlobalSection
EndGlobal
